github.com/gotracker/goaudiofile v1.0.16 h1:+QlrDbZluWs01NZdg3JOuM+Zm98o1NNFVbtts2Fkw2M=
github.com/gotracker/goaudiofile v1.0.16/go.mod h1:mX/CjpkoClUFrGQ8MU6x2hm4ma/ClQTh83wwHhLC7RY=
github.com/gotracker/gomixing v1.3.1 h1:u2AbhZoFtqXRgY0wxQXWDWbnZpIG+rLfSEd91YKIqnI=
github.com/gotracker/gomixing v1.3.1/go.mod h1:y0lfvWy49qzwfQiATw+kBjAlNTK75Ix9NpxPh+8QgPs=
github.com/gotracker/opl2 v1.0.1 h1:1PVNs0dXqEAQxdws7fz2WEE3nSKkMb1osTTT7KgEi5g=
github.com/gotracker/opl2 v1.0.1/go.mod h1:lW1WbZlh7svEMpurp9LLYWSyf1WPAb750cQ7xGIhCnY=
github.com/heucuva/comparison v1.0.0 h1:xxXNKS9GKHetQavOz35FitlAXWvmvM3U6M5IRIw7kN8=
github.com/heucuva/comparison v1.0.0/go.mod h1:5l0Va1uxFyy7S4DgdflnayxV2HStFwWI2rzbrlNNNMk=
github.com/heucuva/optional v0.0.1 h1:tLbVBMQBKzQVfe43bHQFSxjhTzYcRK8frnTBG6FLksM=
github.com/heucuva/optional v0.0.1/go.mod h1:2AtE/X9279wzrHLkCNvKl0xP7AiEIj3RijGKwbO8R3M=
github.com/pkg/errors v0.9.1 h1:FEBLx1zS214owpjy7qsBeixbURkuhQAwrK5UwLGTwt4=
github.com/pkg/errors v0.9.1/go.mod h1:bwawxfHBFNV+L2hUp1rHADufV3IMtnDRdf1r5NINEl0=
golang.org/x/exp v0.0.0-20240119083558-1b970713d09a h1:Q8/wZp0KX97QFTc2ywcOE0YRjZPVIx+MXInMzdvQqcA=
golang.org/x/exp v0.0.0-20240119083558-1b970713d09a/go.mod h1:idGWGoKP1toJGkd5/ig9ZLuPcZBC3ewk7SzmH0uou08=
gopkg.in/yaml.v2 v2.4.0 h1:D8xgwECY7CYvx+Y2n4sBz93Jn9JRvxdiyyo8CTfuKaY=
gopkg.in/yaml.v2 v2.4.0/go.mod h1:RDklbk79AGWmwhnvt/jBztapEOGDOx6ZbXqjP6csGnQ=
